// !$*UTF8*$!
{
	archiveVersion = 1;
	classes = {
	};
	objectVersion = 46;
	objects = {

/* Begin PBXBuildFile section */
		F46941AD1CD9BCAC005E888B /* AppDelegate.swift in Sources */ = {isa = PBXBuildFile; fileRef = F46941AC1CD9BCAC005E888B /* AppDelegate.swift */; };
		F46941AF1CD9BCAC005E888B /* ViewController.swift in Sources */ = {isa = PBXBuildFile; fileRef = F46941AE1CD9BCAC005E888B /* ViewController.swift */; };
		F46941B21CD9BCAC005E888B /* Main.storyboard in Resources */ = {isa = PBXBuildFile; fileRef = F46941B01CD9BCAC005E888B /* Main.storyboard */; };
		F46941B41CD9BCAC005E888B /* Assets.xcassets in Resources */ = {isa = PBXBuildFile; fileRef = F46941B31CD9BCAC005E888B /* Assets.xcassets */; };
		F46941B71CD9BCAC005E888B /* LaunchScreen.storyboard in Resources */ = {isa = PBXBuildFile; fileRef = F46941B51CD9BCAC005E888B /* LaunchScreen.storyboard */; };
		F46941C01CD9BCCE005E888B /* JPCountdownTimerView.swift in Sources */ = {isa = PBXBuildFile; fileRef = F46941BF1CD9BCCE005E888B /* JPCountdownTimerView.swift */; };
		F46941C21CD9BD64005E888B /* JPCountdownTimerView.xib in Resources */ = {isa = PBXBuildFile; fileRef = F46941C11CD9BD64005E888B /* JPCountdownTimerView.xib */; };
		F46941C41CD9C1C1005E888B /* NSLayoutConstraint+ConveniennceMethods.swift in Sources */ = {isa = PBXBuildFile; fileRef = F46941C31CD9C1C1005E888B /* NSLayoutConstraint+ConveniennceMethods.swift */; };
/* End PBXBuildFile section */

/* Begin PBXFileReference section */
		F46941A91CD9BCAC005E888B /* JPCountdownTimer.app */ = {isa = PBXFileReference; explicitFileType = wrapper.application; includeInIndex = 0; path = JPCountdownTimer.app; sourceTree = BUILT_PRODUCTS_DIR; };
		F46941AC1CD9BCAC005E888B /* AppDelegate.swift */ = {isa = PBXFileReference; lastKnownFileType = sourcecode.swift; path = AppDelegate.swift; sourceTree = "<group>"; };
		F46941AE1CD9BCAC005E888B /* ViewController.swift */ = {isa = PBXFileReference; lastKnownFileType = sourcecode.swift; path = ViewController.swift; sourceTree = "<group>"; };
		F46941B11CD9BCAC005E888B /* Base */ = {isa = PBXFileReference; lastKnownFileType = file.storyboard; name = Base; path = Base.lproj/Main.storyboard; sourceTree = "<group>"; };
		F46941B31CD9BCAC005E888B /* Assets.xcassets */ = {isa = PBXFileReference; lastKnownFileType = folder.assetcatalog; path = Assets.xcassets; sourceTree = "<group>"; };
		F46941B61CD9BCAC005E888B /* Base */ = {isa = PBXFileReference; lastKnownFileType = file.storyboard; name = Base; path = Base.lproj/LaunchScreen.storyboard; sourceTree = "<group>"; };
		F46941B81CD9BCAC005E888B /* Info.plist */ = {isa = PBXFileReference; lastKnownFileType = text.plist.xml; path = Info.plist; sourceTree = "<group>"; };
		F46941BF1CD9BCCE005E888B /* JPCountdownTimerView.swift */ = {isa = PBXFileReference; fileEncoding = 4; lastKnownFileType = sourcecode.swift; path = JPCountdownTimerView.swift; sourceTree = "<group>"; };
		F46941C11CD9BD64005E888B /* JPCountdownTimerView.xib */ = {isa = PBXFileReference; fileEncoding = 4; lastKnownFileType = file.xib; path = JPCountdownTimerView.xib; sourceTree = "<group>"; };
		F46941C31CD9C1C1005E888B /* NSLayoutConstraint+ConveniennceMethods.swift */ = {isa = PBXFileReference; fileEncoding = 4; lastKnownFileType = sourcecode.swift; path = "NSLayoutConstraint+ConveniennceMethods.swift"; sourceTree = "<group>"; };
/* End PBXFileReference section */

/* Begin PBXFrameworksBuildPhase section */
		F46941A61CD9BCAC005E888B /* Frameworks */ = {
			isa = PBXFrameworksBuildPhase;
			buildActionMask = 2147483647;
			files = (
			);
			runOnlyForDeploymentPostprocessing = 0;
		};
/* End PBXFrameworksBuildPhase section */

/* Begin PBXGroup section */
		F46941A01CD9BCAC005E888B = {
			isa = PBXGroup;
			children = (
				F46941AB1CD9BCAC005E888B /* JPCountdownTimer */,
				F46941AA1CD9BCAC005E888B /* Products */,
			);
			sourceTree = "<group>";
		};
		F46941AA1CD9BCAC005E888B /* Products */ = {
			isa = PBXGroup;
			children = (
				F46941A91CD9BCAC005E888B /* JPCountdownTimer.app */,
			);
			name = Products;
			sourceTree = "<group>";
		};
		F46941AB1CD9BCAC005E888B /* JPCountdownTimer */ = {
			isa = PBXGroup;
			children = (
				F46941BE1CD9BCBD005E888B /* JPCountdownTimerView */,
				F46941AC1CD9BCAC005E888B /* AppDelegate.swift */,
				F46941AE1CD9BCAC005E888B /* ViewController.swift */,
				F46941B01CD9BCAC005E888B /* Main.storyboard */,
				F46941B31CD9BCAC005E888B /* Assets.xcassets */,
				F46941B51CD9BCAC005E888B /* LaunchScreen.storyboard */,
				F46941B81CD9BCAC005E888B /* Info.plist */,
				F46941C31CD9C1C1005E888B /* NSLayoutConstraint+ConveniennceMethods.swift */,
			);
			path = JPCountdownTimer;
			sourceTree = "<group>";
		};
		F46941BE1CD9BCBD005E888B /* JPCountdownTimerView */ = {
			isa = PBXGroup;
			children = (
				F46941BF1CD9BCCE005E888B /* JPCountdownTimerView.swift */,
				F46941C11CD9BD64005E888B /* JPCountdownTimerView.xib */,
			);
			name = JPCountdownTimerView;
			sourceTree = "<group>";
		};
/* End PBXGroup section */

/* Begin PBXNativeTarget section */
		F46941A81CD9BCAC005E888B /* JPCountdownTimer */ = {
			isa = PBXNativeTarget;
			buildConfigurationList = F46941BB1CD9BCAC005E888B /* Build configuration list for PBXNativeTarget "JPCountdownTimer" */;
			buildPhases = (
				F46941A51CD9BCAC005E888B /* Sources */,
				F46941A61CD9BCAC005E888B /* Frameworks */,
				F46941A71CD9BCAC005E888B /* Resources */,
			);
			buildRules = (
			);
			dependencies = (
			);
			name = JPCountdownTimer;
			productName = JPCountdownTimer;
			productReference = F46941A91CD9BCAC005E888B /* JPCountdownTimer.app */;
			productType = "com.apple.product-type.application";
		};
/* End PBXNativeTarget section */

/* Begin PBXProject section */
		F46941A11CD9BCAC005E888B /* Project object */ = {
			isa = PBXProject;
			attributes = {
				LastSwiftUpdateCheck = 0730;
				LastUpgradeCheck = 0730;
				ORGANIZATIONNAME = "James Perlman";
				TargetAttributes = {
					F46941A81CD9BCAC005E888B = {
						CreatedOnToolsVersion = 7.3;
					};
				};
			};
			buildConfigurationList = F46941A41CD9BCAC005E888B /* Build configuration list for PBXProject "JPCountdownTimer" */;
			compatibilityVersion = "Xcode 3.2";
			developmentRegion = English;
			hasScannedForEncodings = 0;
			knownRegions = (
				en,
				Base,
			);
			mainGroup = F46941A01CD9BCAC005E888B;
			productRefGroup = F46941AA1CD9BCAC005E888B /* Products */;
			projectDirPath = "";
			projectRoot = "";
			targets = (
				F46941A81CD9BCAC005E888B /* JPCountdownTimer */,
			);
		};
/* End PBXProject section */

/* Begin PBXResourcesBuildPhase section */
		F46941A71CD9BCAC005E888B /* Resources */ = {
			isa = PBXResourcesBuildPhase;
			buildActionMask = 2147483647;
			files = (
				F46941B71CD9BCAC005E888B /* LaunchScreen.storyboard in Resources */,
				F46941C21CD9BD64005E888B /* JPCountdownTimerView.xib in Resources */,
				F46941B41CD9BCAC005E888B /* Assets.xcassets in Resources */,
				F46941B21CD9BCAC005E888B /* Main.storyboard in Resources */,
			);
			runOnlyForDeploymentPostprocessing = 0;
		};
/* End PBXResourcesBuildPhase section */

/* Begin PBXSourcesBuildPhase section */
		F46941A51CD9BCAC005E888B /* Sources */ = {
			isa = PBXSourcesBuildPhase;
			buildActionMask = 2147483647;
			files = (
				F46941AF1CD9BCAC005E888B /* ViewController.swift in Sources */,
				F46941C41CD9C1C1005E888B /* NSLayoutConstraint+ConveniennceMethods.swift in Sources */,
				F46941AD1CD9BCAC005E888B /* AppDelegate.swift in Sources */,
				F46941C01CD9BCCE005E888B /* JPCountdownTimerView.swift in Sources */,
			);
			runOnlyForDeploymentPostprocessing = 0;
		};
/* End PBXSourcesBuildPhase section */

/* Begin PBXVariantGroup section */
		F46941B01CD9BCAC005E888B /* Main.storyboard */ = {
			isa = PBXVariantGroup;
			children = (
				F46941B11CD9BCAC005E888B /* Base */,
			);
			name = Main.storyboard;
			sourceTree = "<group>";
		};
		F46941B51CD9BCAC005E888B /* LaunchScreen.storyboard */ = {
			isa = PBXVariantGroup;
			children = (
				F46941B61CD9BCAC005E888B /* Base */,
			);
			name = LaunchScreen.storyboard;
			sourceTree = "<group>";
		};
/* End PBXVariantGroup section */

/* Begin XCBuildConfiguration section */
		F46941B91CD9BCAC005E888B /* Debug */ = {
			isa = XCBuildConfiguration;
			buildSettings = {
				ALWAYS_SEARCH_USER_PATHS = NO;
				CLANG_ANALYZER_NONNULL = YES;
				CLANG_CXX_LANGUAGE_STANDARD = "gnu++0x";
				CLANG_CXX_LIBRARY = "libc++";
				CLANG_ENABLE_MODULES = YES;
				CLANG_ENABLE_OBJC_ARC = YES;
				CLANG_WARN_BOOL_CONVERSION = YES;
				CLANG_WARN_CONSTANT_CONVERSION = YES;
				CLANG_WARN_DIRECT_OBJC_ISA_USAGE = YES_ERROR;
				CLANG_WARN_EMPTY_BODY = YES;
				CLANG_WARN_ENUM_CONVERSION = YES;
				CLANG_WARN_INT_CONVERSION = YES;
				CLANG_WARN_OBJC_ROOT_CLASS = YES_ERROR;
				CLANG_WARN_UNREACHABLE_CODE = YES;
				CLANG_WARN__DUPLICATE_METHOD_MATCH = YES;
				"CODE_SIGN_IDENTITY[sdk=iphoneos*]" = "iPhone Developer";
				COPY_PHASE_STRIP = NO;
				DEBUG_INFORMATION_FORMAT = dwarf;
				ENABLE_STRICT_OBJC_MSGSEND = YES;
				ENABLE_TESTABILITY = YES;
				GCC_C_LANGUAGE_STANDARD = gnu99;
				GCC_DYNAMIC_NO_PIC = NO;
				GCC_NO_COMMON_BLOCKS = YES;
				GCC_OPTIMIZATION_LEVEL = 0;
				GCC_PREPROCESSOR_DEFINITIONS = (
					"DEBUG=1",
					"$(inherited)",
				);
				GCC_WARN_64_TO_32_BIT_CONVERSION = YES;
				GCC_WARN_ABOUT_RETURN_TYPE = YES_ERROR;
				GCC_WARN_UNDECLARED_SELECTOR = YES;
				GCC_WARN_UNINITIALIZED_AUTOS = YES_AGGRESSIVE;
				GCC_WARN_UNUSED_FUNCTION = YES;
				GCC_WARN_UNUSED_VARIABLE = YES;
				IPHONEOS_DEPLOYMENT_TARGET = 9.3;
				MTL_ENABLE_DEBUG_INFO = YES;
				ONLY_ACTIVE_ARCH = YES;
				SDKROOT = iphoneos;
				SWIFT_OPTIMIZATION_LEVEL = "-Onone";
			};
			name = Debug;
		};
		F46941BA1CD9BCAC005E888B /* Release */ = {
			isa = XCBuildConfiguration;
			buildSettings = {
				ALWAYS_SEARCH_USER_PATHS = NO;
				CLANG_ANALYZER_NONNULL = YES;
				CLANG_CXX_LANGUAGE_STANDARD = "gnu++0x";
				CLANG_CXX_LIBRARY = "libc++";
				CLANG_ENABLE_MODULES = YES;
				CLANG_ENABLE_OBJC_ARC = YES;
				CLANG_WARN_BOOL_CONVERSION = YES;
				CLANG_WARN_CONSTANT_CONVERSION = YES;
				CLANG_WARN_DIRECT_OBJC_ISA_USAGE = YES_ERROR;
				CLANG_WARN_EMPTY_BODY = YES;
				CLANG_WARN_ENUM_CONVERSION = YES;
				CLANG_WARN_INT_CONVERSION = YES;
				CLANG_WARN_OBJC_ROOT_CLASS = YES_ERROR;
				CLANG_WARN_UNREACHABLE_CODE = YES;
				CLANG_WARN__DUPLICATE_METHOD_MATCH = YES;
				"CODE_SIGN_IDENTITY[sdk=iphoneos*]" = "iPhone Developer";
				COPY_PHASE_STRIP = NO;
				DEBUG_INFORMATION_FORMAT = "dwarf-with-dsym";
				ENABLE_NS_ASSERTIONS = NO;
				ENABLE_STRICT_OBJC_MSGSEND = YES;
				GCC_C_LANGUAGE_STANDARD = gnu99;
				GCC_NO_COMMON_BLOCKS = YES;
				GCC_WARN_64_TO_32_BIT_CONVERSION = YES;
				GCC_WARN_ABOUT_RETURN_TYPE = YES_ERROR;
				GCC_WARN_UNDECLARED_SELECTOR = YES;
				GCC_WARN_UNINITIALIZED_AUTOS = YES_AGGRESSIVE;
				GCC_WARN_UNUSED_FUNCTION = YES;
				GCC_WARN_UNUSED_VARIABLE = YES;
				IPHONEOS_DEPLOYMENT_TARGET = 9.3;
				MTL_ENABLE_DEBUG_INFO = NO;
				SDKROOT = iphoneos;
				VALIDATE_PRODUCT = YES;
			};
			name = Release;
		};
		F46941BC1CD9BCAC005E888B /* Debug */ = {
			isa = XCBuildConfiguration;
			buildSettings = {
				ASSETCATALOG_COMPILER_APPICON_NAME = AppIcon;
				INFOPLIST_FILE = JPCountdownTimer/Info.plist;
				LD_RUNPATH_SEARCH_PATHS = "$(inherited) @executable_path/Frameworks";
				PRODUCT_BUNDLE_IDENTIFIER = com.jperl.JPCountdownTimer;
				PRODUCT_NAME = "$(TARGET_NAME)";
			};
			name = Debug;
		};
		F46941BD1CD9BCAC005E888B /* Release */ = {
			isa = XCBuildConfiguration;
			buildSettings = {
				ASSETCATALOG_COMPILER_APPICON_NAME = AppIcon;
				INFOPLIST_FILE = JPCountdownTimer/Info.plist;
				LD_RUNPATH_SEARCH_PATHS = "$(inherited) @executable_path/Frameworks";
				PRODUCT_BUNDLE_IDENTIFIER = com.jperl.JPCountdownTimer;
				PRODUCT_NAME = "$(TARGET_NAME)";
			};
			name = Release;
		};
/* End XCBuildConfiguration section */

/* Begin XCConfigurationList section */
		F46941A41CD9BCAC005E888B /* Build configuration list for PBXProject "JPCountdownTimer" */ = {
			isa = XCConfigurationList;
			buildConfigurations = (
				F46941B91CD9BCAC005E888B /* Debug */,
				F46941BA1CD9BCAC005E888B /* Release */,
			);
			defaultConfigurationIsVisible = 0;
			defaultConfigurationName = Release;
		};
		F46941BB1CD9BCAC005E888B /* Build configuration list for PBXNativeTarget "JPCountdownTimer" */ = {
			isa = XCConfigurationList;
			buildConfigurations = (
				F46941BC1CD9BCAC005E888B /* Debug */,
				F46941BD1CD9BCAC005E888B /* Release */,
			);
			defaultConfigurationIsVisible = 0;
		};
/* End XCConfigurationList section */
	};
	rootObject = F46941A11CD9BCAC005E888B /* Project object */;
}
